// !$*UTF8*$!
{
	archiveVersion = 1;
	classes = {
	};
	objectVersion = 56;
	objects = {

/* Begin PBXBuildFile section */
		5A40E8022D4BEA650020E4D5 /* AppDelegate.swift in Sources */ = {isa = PBXBuildFile; fileRef = 5A40E8012D4BEA650020E4D5 /* AppDelegate.swift */; };
		5A40E8042D4BEA650020E4D5 /* SceneDelegate.swift in Sources */ = {isa = PBXBuildFile; fileRef = 5A40E8032D4BEA650020E4D5 /* SceneDelegate.swift */; };
		5A40E8062D4BEA650020E4D5 /* ViewController.swift in Sources */ = {isa = PBXBuildFile; fileRef = 5A40E8052D4BEA650020E4D5 /* ViewController.swift */; };
		5A40E8092D4BEA650020E4D5 /* Main.storyboard in Resources */ = {isa = PBXBuildFile; fileRef = 5A40E8072D4BEA650020E4D5 /* Main.storyboard */; };
		5A40E80B2D4BEA7A0020E4D5 /* Assets.xcassets in Resources */ = {isa = PBXBuildFile; fileRef = 5A40E80A2D4BEA7A0020E4D5 /* Assets.xcassets */; };
		5A40E80E2D4BEA7A0020E4D5 /* LaunchScreen.storyboard in Resources */ = {isa = PBXBuildFile; fileRef = 5A40E80C2D4BEA7A0020E4D5 /* LaunchScreen.storyboard */; };
		5A40E8192D4BEA7A0020E4D5 /* CalculatorTests.swift in Sources */ = {isa = PBXBuildFile; fileRef = 5A40E8182D4BEA7A0020E4D5 /* CalculatorTests.swift */; };
		5A40E8232D4BEA7A0020E4D5 /* CalculatorUITests.swift in Sources */ = {isa = PBXBuildFile; fileRef = 5A40E8222D4BEA7A0020E4D5 /* CalculatorUITests.swift */; };
		5A40E8252D4BEA7A0020E4D5 /* CalculatorUITestsLaunchTests.swift in Sources */ = {isa = PBXBuildFile; fileRef = 5A40E8242D4BEA7A0020E4D5 /* CalculatorUITestsLaunchTests.swift */; };
/* End PBXBuildFile section */

/* Begin PBXContainerItemProxy section */
		5A40E8152D4BEA7A0020E4D5 /* PBXContainerItemProxy */ = {
			isa = PBXContainerItemProxy;
			containerPortal = 5A40E7F62D4BEA650020E4D5 /* Project object */;
			proxyType = 1;
			remoteGlobalIDString = 5A40E7FD2D4BEA650020E4D5;
			remoteInfo = Calculator;
		};
		5A40E81F2D4BEA7A0020E4D5 /* PBXContainerItemProxy */ = {
			isa = PBXContainerItemProxy;
			containerPortal = 5A40E7F62D4BEA650020E4D5 /* Project object */;
			proxyType = 1;
			remoteGlobalIDString = 5A40E7FD2D4BEA650020E4D5;
			remoteInfo = Calculator;
		};
/* End PBXContainerItemProxy section */

/* Begin PBXFileReference section */
		5A40E7FE2D4BEA650020E4D5 /* Calculator.app */ = {isa = PBXFileReference; explicitFileType = wrapper.application; includeInIndex = 0; path = Calculator.app; sourceTree = BUILT_PRODUCTS_DIR; };
		5A40E8012D4BEA650020E4D5 /* AppDelegate.swift */ = {isa = PBXFileReference; lastKnownFileType = sourcecode.swift; path = AppDelegate.swift; sourceTree = "<group>"; };
		5A40E8032D4BEA650020E4D5 /* SceneDelegate.swift */ = {isa = PBXFileReference; lastKnownFileType = sourcecode.swift; path = SceneDelegate.swift; sourceTree = "<group>"; };
		5A40E8052D4BEA650020E4D5 /* ViewController.swift */ = {isa = PBXFileReference; lastKnownFileType = sourcecode.swift; path = ViewController.swift; sourceTree = "<group>"; };
		5A40E8082D4BEA650020E4D5 /* Base */ = {isa = PBXFileReference; lastKnownFileType = file.storyboard; name = Base; path = Base.lproj/Main.storyboard; sourceTree = "<group>"; };
		5A40E80A2D4BEA7A0020E4D5 /* Assets.xcassets */ = {isa = PBXFileReference; lastKnownFileType = folder.assetcatalog; path = Assets.xcassets; sourceTree = "<group>"; };
		5A40E80D2D4BEA7A0020E4D5 /* Base */ = {isa = PBXFileReference; lastKnownFileType = file.storyboard; name = Base; path = Base.lproj/LaunchScreen.storyboard; sourceTree = "<group>"; };
		5A40E80F2D4BEA7A0020E4D5 /* Info.plist */ = {isa = PBXFileReference; lastKnownFileType = text.plist.xml; path = Info.plist; sourceTree = "<group>"; };
		5A40E8142D4BEA7A0020E4D5 /* CalculatorTests.xctest */ = {isa = PBXFileReference; explicitFileType = wrapper.cfbundle; includeInIndex = 0; path = CalculatorTests.xctest; sourceTree = BUILT_PRODUCTS_DIR; };
		5A40E8182D4BEA7A0020E4D5 /* CalculatorTests.swift */ = {isa = PBXFileReference; lastKnownFileType = sourcecode.swift; path = CalculatorTests.swift; sourceTree = "<group>"; };
		5A40E81E2D4BEA7A0020E4D5 /* CalculatorUITests.xctest */ = {isa = PBXFileReference; explicitFileType = wrapper.cfbundle; includeInIndex = 0; path = CalculatorUITests.xctest; sourceTree = BUILT_PRODUCTS_DIR; };
		5A40E8222D4BEA7A0020E4D5 /* CalculatorUITests.swift */ = {isa = PBXFileReference; lastKnownFileType = sourcecode.swift; path = CalculatorUITests.swift; sourceTree = "<group>"; };
		5A40E8242D4BEA7A0020E4D5 /* CalculatorUITestsLaunchTests.swift */ = {isa = PBXFileReference; lastKnownFileType = sourcecode.swift; path = CalculatorUITestsLaunchTests.swift; sourceTree = "<group>"; };
/* End PBXFileReference section */

/* Begin PBXFrameworksBuildPhase section */
		5A40E7FB2D4BEA650020E4D5 /* Frameworks */ = {
			isa = PBXFrameworksBuildPhase;
			buildActionMask = 2147483647;
			files = (
			);
			runOnlyForDeploymentPostprocessing = 0;
		};
		5A40E8112D4BEA7A0020E4D5 /* Frameworks */ = {
			isa = PBXFrameworksBuildPhase;
			buildActionMask = 2147483647;
			files = (
			);
			runOnlyForDeploymentPostprocessing = 0;
		};
		5A40E81B2D4BEA7A0020E4D5 /* Frameworks */ = {
			isa = PBXFrameworksBuildPhase;
			buildActionMask = 2147483647;
			files = (
			);
			runOnlyForDeploymentPostprocessing = 0;
		};
/* End PBXFrameworksBuildPhase section */

/* Begin PBXGroup section */
		5A40E7F52D4BEA650020E4D5 = {
			isa = PBXGroup;
			children = (
				5A40E8002D4BEA650020E4D5 /* Calculator */,
				5A40E8172D4BEA7A0020E4D5 /* CalculatorTests */,
				5A40E8212D4BEA7A0020E4D5 /* CalculatorUITests */,
				5A40E7FF2D4BEA650020E4D5 /* Products */,
			);
			sourceTree = "<group>";
		};
		5A40E7FF2D4BEA650020E4D5 /* Products */ = {
			isa = PBXGroup;
			children = (
				5A40E7FE2D4BEA650020E4D5 /* Calculator.app */,
				5A40E8142D4BEA7A0020E4D5 /* CalculatorTests.xctest */,
				5A40E81E2D4BEA7A0020E4D5 /* CalculatorUITests.xctest */,
			);
			name = Products;
			sourceTree = "<group>";
		};
		5A40E8002D4BEA650020E4D5 /* Calculator */ = {
			isa = PBXGroup;
			children = (
				5A40E8012D4BEA650020E4D5 /* AppDelegate.swift */,
				5A40E8032D4BEA650020E4D5 /* SceneDelegate.swift */,
				5A40E8052D4BEA650020E4D5 /* ViewController.swift */,
				5A40E8072D4BEA650020E4D5 /* Main.storyboard */,
				5A40E80A2D4BEA7A0020E4D5 /* Assets.xcassets */,
				5A40E80C2D4BEA7A0020E4D5 /* LaunchScreen.storyboard */,
				5A40E80F2D4BEA7A0020E4D5 /* Info.plist */,
			);
			path = Calculator;
			sourceTree = "<group>";
		};
		5A40E8172D4BEA7A0020E4D5 /* CalculatorTests */ = {
			isa = PBXGroup;
			children = (
				5A40E8182D4BEA7A0020E4D5 /* CalculatorTests.swift */,
			);
			path = CalculatorTests;
			sourceTree = "<group>";
		};
		5A40E8212D4BEA7A0020E4D5 /* CalculatorUITests */ = {
			isa = PBXGroup;
			children = (
				5A40E8222D4BEA7A0020E4D5 /* CalculatorUITests.swift */,
				5A40E8242D4BEA7A0020E4D5 /* CalculatorUITestsLaunchTests.swift */,
			);
			path = CalculatorUITests;
			sourceTree = "<group>";
		};
/* End PBXGroup section */

/* Begin PBXNativeTarget section */
		5A40E7FD2D4BEA650020E4D5 /* Calculator */ = {
			isa = PBXNativeTarget;
			buildConfigurationList = 5A40E8282D4BEA7A0020E4D5 /* Build configuration list for PBXNativeTarget "Calculator" */;
			buildPhases = (
				5A40E7FA2D4BEA650020E4D5 /* Sources */,
				5A40E7FB2D4BEA650020E4D5 /* Frameworks */,
				5A40E7FC2D4BEA650020E4D5 /* Resources */,
			);
			buildRules = (
			);
			dependencies = (
			);
			name = Calculator;
			productName = Calculator;
			productReference = 5A40E7FE2D4BEA650020E4D5 /* Calculator.app */;
			productType = "com.apple.product-type.application";
		};
		5A40E8132D4BEA7A0020E4D5 /* CalculatorTests */ = {
			isa = PBXNativeTarget;
			buildConfigurationList = 5A40E82B2D4BEA7A0020E4D5 /* Build configuration list for PBXNativeTarget "CalculatorTests" */;
			buildPhases = (
				5A40E8102D4BEA7A0020E4D5 /* Sources */,
				5A40E8112D4BEA7A0020E4D5 /* Frameworks */,
				5A40E8122D4BEA7A0020E4D5 /* Resources */,
			);
			buildRules = (
			);
			dependencies = (
				5A40E8162D4BEA7A0020E4D5 /* PBXTargetDependency */,
			);
			name = CalculatorTests;
			productName = CalculatorTests;
			productReference = 5A40E8142D4BEA7A0020E4D5 /* CalculatorTests.xctest */;
			productType = "com.apple.product-type.bundle.unit-test";
		};
		5A40E81D2D4BEA7A0020E4D5 /* CalculatorUITests */ = {
			isa = PBXNativeTarget;
			buildConfigurationList = 5A40E82E2D4BEA7A0020E4D5 /* Build configuration list for PBXNativeTarget "CalculatorUITests" */;
			buildPhases = (
				5A40E81A2D4BEA7A0020E4D5 /* Sources */,
				5A40E81B2D4BEA7A0020E4D5 /* Frameworks */,
				5A40E81C2D4BEA7A0020E4D5 /* Resources */,
			);
			buildRules = (
			);
			dependencies = (
				5A40E8202D4BEA7A0020E4D5 /* PBXTargetDependency */,
			);
			name = CalculatorUITests;
			productName = CalculatorUITests;
			productReference = 5A40E81E2D4BEA7A0020E4D5 /* CalculatorUITests.xctest */;
			productType = "com.apple.product-type.bundle.ui-testing";
		};
/* End PBXNativeTarget section */

/* Begin PBXProject section */
		5A40E7F62D4BEA650020E4D5 /* Project object */ = {
			isa = PBXProject;
			attributes = {
				BuildIndependentTargetsInParallel = 1;
				LastSwiftUpdateCheck = 1430;
				LastUpgradeCheck = 1430;
				TargetAttributes = {
					5A40E7FD2D4BEA650020E4D5 = {
						CreatedOnToolsVersion = 14.3.1;
					};
					5A40E8132D4BEA7A0020E4D5 = {
						CreatedOnToolsVersion = 14.3.1;
						TestTargetID = 5A40E7FD2D4BEA650020E4D5;
					};
					5A40E81D2D4BEA7A0020E4D5 = {
						CreatedOnToolsVersion = 14.3.1;
						TestTargetID = 5A40E7FD2D4BEA650020E4D5;
					};
				};
			};
			buildConfigurationList = 5A40E7F92D4BEA650020E4D5 /* Build configuration list for PBXProject "Calculator" */;
			compatibilityVersion = "Xcode 14.0";
			developmentRegion = en;
			hasScannedForEncodings = 0;
			knownRegions = (
				en,
				Base,
			);
			mainGroup = 5A40E7F52D4BEA650020E4D5;
			productRefGroup = 5A40E7FF2D4BEA650020E4D5 /* Products */;
			projectDirPath = "";
			projectRoot = "";
			targets = (
				5A40E7FD2D4BEA650020E4D5 /* Calculator */,
				5A40E8132D4BEA7A0020E4D5 /* CalculatorTests */,
				5A40E81D2D4BEA7A0020E4D5 /* CalculatorUITests */,
			);
		};
/* End PBXProject section */

/* Begin PBXResourcesBuildPhase section */
		5A40E7FC2D4BEA650020E4D5 /* Resources */ = {
			isa = PBXResourcesBuildPhase;
			buildActionMask = 2147483647;
			files = (
				5A40E80E2D4BEA7A0020E4D5 /* LaunchScreen.storyboard in Resources */,
				5A40E80B2D4BEA7A0020E4D5 /* Assets.xcassets in Resources */,
				5A40E8092D4BEA650020E4D5 /* Main.storyboard in Resources */,
			);
			runOnlyForDeploymentPostprocessing = 0;
		};
		5A40E8122D4BEA7A0020E4D5 /* Resources */ = {
			isa = PBXResourcesBuildPhase;
			buildActionMask = 2147483647;
			files = (
			);
			runOnlyForDeploymentPostprocessing = 0;
		};
		5A40E81C2D4BEA7A0020E4D5 /* Resources */ = {
			isa = PBXResourcesBuildPhase;
			buildActionMask = 2147483647;
			files = (
			);
			runOnlyForDeploymentPostprocessing = 0;
		};
/* End PBXResourcesBuildPhase section */

/* Begin PBXSourcesBuildPhase section */
		5A40E7FA2D4BEA650020E4D5 /* Sources */ = {
			isa = PBXSourcesBuildPhase;
			buildActionMask = 2147483647;
			files = (
				5A40E8062D4BEA650020E4D5 /* ViewController.swift in Sources */,
				5A40E8022D4BEA650020E4D5 /* AppDelegate.swift in Sources */,
				5A40E8042D4BEA650020E4D5 /* SceneDelegate.swift in Sources */,
			);
			runOnlyForDeploymentPostprocessing = 0;
		};
		5A40E8102D4BEA7A0020E4D5 /* Sources */ = {
			isa = PBXSourcesBuildPhase;
			buildActionMask = 2147483647;
			files = (
				5A40E8192D4BEA7A0020E4D5 /* CalculatorTests.swift in Sources */,
			);
			runOnlyForDeploymentPostprocessing = 0;
		};
		5A40E81A2D4BEA7A0020E4D5 /* Sources */ = {
			isa = PBXSourcesBuildPhase;
			buildActionMask = 2147483647;
			files = (
				5A40E8252D4BEA7A0020E4D5 /* CalculatorUITestsLaunchTests.swift in Sources */,
				5A40E8232D4BEA7A0020E4D5 /* CalculatorUITests.swift in Sources */,
			);
			runOnlyForDeploymentPostprocessing = 0;
		};
/* End PBXSourcesBuildPhase section */

/* Begin PBXTargetDependency section */
		5A40E8162D4BEA7A0020E4D5 /* PBXTargetDependency */ = {
			isa = PBXTargetDependency;
			target = 5A40E7FD2D4BEA650020E4D5 /* Calculator */;
			targetProxy = 5A40E8152D4BEA7A0020E4D5 /* PBXContainerItemProxy */;
		};
		5A40E8202D4BEA7A0020E4D5 /* PBXTargetDependency */ = {
			isa = PBXTargetDependency;
			target = 5A40E7FD2D4BEA650020E4D5 /* Calculator */;
			targetProxy = 5A40E81F2D4BEA7A0020E4D5 /* PBXContainerItemProxy */;
		};
/* End PBXTargetDependency section */

/* Begin PBXVariantGroup section */
		5A40E8072D4BEA650020E4D5 /* Main.storyboard */ = {
			isa = PBXVariantGroup;
			children = (
				5A40E8082D4BEA650020E4D5 /* Base */,
			);
			name = Main.storyboard;
			sourceTree = "<group>";
		};
		5A40E80C2D4BEA7A0020E4D5 /* LaunchScreen.storyboard */ = {
			isa = PBXVariantGroup;
			children = (
				5A40E80D2D4BEA7A0020E4D5 /* Base */,
			);
			name = LaunchScreen.storyboard;
			sourceTree = "<group>";
		};
/* End PBXVariantGroup section */

/* Begin XCBuildConfiguration section */
		5A40E8262D4BEA7A0020E4D5 /* Debug */ = {
			isa = XCBuildConfiguration;
			buildSettings = {
				ALWAYS_SEARCH_USER_PATHS = NO;
				CLANG_ANALYZER_NONNULL = YES;
				CLANG_ANALYZER_NUMBER_OBJECT_CONVERSION = YES_AGGRESSIVE;
				CLANG_CXX_LANGUAGE_STANDARD = "gnu++20";
				CLANG_ENABLE_MODULES = YES;
				CLANG_ENABLE_OBJC_ARC = YES;
				CLANG_ENABLE_OBJC_WEAK = YES;
				CLANG_WARN_BLOCK_CAPTURE_AUTORELEASING = YES;
				CLANG_WARN_BOOL_CONVERSION = YES;
				CLANG_WARN_COMMA = YES;
				CLANG_WARN_CONSTANT_CONVERSION = YES;
				CLANG_WARN_DEPRECATED_OBJC_IMPLEMENTATIONS = YES;
				CLANG_WARN_DIRECT_OBJC_ISA_USAGE = YES_ERROR;
				CLANG_WARN_DOCUMENTATION_COMMENTS = YES;
				CLANG_WARN_EMPTY_BODY = YES;
				CLANG_WARN_ENUM_CONVERSION = YES;
				CLANG_WARN_INFINITE_RECURSION = YES;
				CLANG_WARN_INT_CONVERSION = YES;
				CLANG_WARN_NON_LITERAL_NULL_CONVERSION = YES;
				CLANG_WARN_OBJC_IMPLICIT_RETAIN_SELF = YES;
				CLANG_WARN_OBJC_LITERAL_CONVERSION = YES;
				CLANG_WARN_OBJC_ROOT_CLASS = YES_ERROR;
				CLANG_WARN_QUOTED_INCLUDE_IN_FRAMEWORK_HEADER = YES;
				CLANG_WARN_RANGE_LOOP_ANALYSIS = YES;
				CLANG_WARN_STRICT_PROTOTYPES = YES;
				CLANG_WARN_SUSPICIOUS_MOVE = YES;
				CLANG_WARN_UNGUARDED_AVAILABILITY = YES_AGGRESSIVE;
				CLANG_WARN_UNREACHABLE_CODE = YES;
				CLANG_WARN__DUPLICATE_METHOD_MATCH = YES;
				COPY_PHASE_STRIP = NO;
				DEBUG_INFORMATION_FORMAT = dwarf;
				ENABLE_STRICT_OBJC_MSGSEND = YES;
				ENABLE_TESTABILITY = YES;
				GCC_C_LANGUAGE_STANDARD = gnu11;
				GCC_DYNAMIC_NO_PIC = NO;
				GCC_NO_COMMON_BLOCKS = YES;
				GCC_OPTIMIZATION_LEVEL = 0;
				GCC_PREPROCESSOR_DEFINITIONS = (
					"DEBUG=1",
					"$(inherited)",
				);
				GCC_WARN_64_TO_32_BIT_CONVERSION = YES;
				GCC_WARN_ABOUT_RETURN_TYPE = YES_ERROR;
				GCC_WARN_UNDECLARED_SELECTOR = YES;
				GCC_WARN_UNINITIALIZED_AUTOS = YES_AGGRESSIVE;
				GCC_WARN_UNUSED_FUNCTION = YES;
				GCC_WARN_UNUSED_VARIABLE = YES;
				IPHONEOS_DEPLOYMENT_TARGET = 16.4;
				MTL_ENABLE_DEBUG_INFO = INCLUDE_SOURCE;
				MTL_FAST_MATH = YES;
				ONLY_ACTIVE_ARCH = YES;
				SDKROOT = iphoneos;
				SWIFT_ACTIVE_COMPILATION_CONDITIONS = DEBUG;
				SWIFT_OPTIMIZATION_LEVEL = "-Onone";
			};
			name = Debug;
		};
		5A40E8272D4BEA7A0020E4D5 /* Release */ = {
			isa = XCBuildConfiguration;
			buildSettings = {
				ALWAYS_SEARCH_USER_PATHS = NO;
				CLANG_ANALYZER_NONNULL = YES;
				CLANG_ANALYZER_NUMBER_OBJECT_CONVERSION = YES_AGGRESSIVE;
				CLANG_CXX_LANGUAGE_STANDARD = "gnu++20";
				CLANG_ENABLE_MODULES = YES;
				CLANG_ENABLE_OBJC_ARC = YES;
				CLANG_ENABLE_OBJC_WEAK = YES;
				CLANG_WARN_BLOCK_CAPTURE_AUTORELEASING = YES;
				CLANG_WARN_BOOL_CONVERSION = YES;
				CLANG_WARN_COMMA = YES;
				CLANG_WARN_CONSTANT_CONVERSION = YES;
				CLANG_WARN_DEPRECATED_OBJC_IMPLEMENTATIONS = YES;
				CLANG_WARN_DIRECT_OBJC_ISA_USAGE = YES_ERROR;
				CLANG_WARN_DOCUMENTATION_COMMENTS = YES;
				CLANG_WARN_EMPTY_BODY = YES;
				CLANG_WARN_ENUM_CONVERSION = YES;
				CLANG_WARN_INFINITE_RECURSION = YES;
				CLANG_WARN_INT_CONVERSION = YES;
				CLANG_WARN_NON_LITERAL_NULL_CONVERSION = YES;
				CLANG_WARN_OBJC_IMPLICIT_RETAIN_SELF = YES;
				CLANG_WARN_OBJC_LITERAL_CONVERSION = YES;
				CLANG_WARN_OBJC_ROOT_CLASS = YES_ERROR;
				CLANG_WARN_QUOTED_INCLUDE_IN_FRAMEWORK_HEADER = YES;
				CLANG_WARN_RANGE_LOOP_ANALYSIS = YES;
				CLANG_WARN_STRICT_PROTOTYPES = YES;
				CLANG_WARN_SUSPICIOUS_MOVE = YES;
				CLANG_WARN_UNGUARDED_AVAILABILITY = YES_AGGRESSIVE;
				CLANG_WARN_UNREACHABLE_CODE = YES;
				CLANG_WARN__DUPLICATE_METHOD_MATCH = YES;
				COPY_PHASE_STRIP = NO;
				DEBUG_INFORMATION_FORMAT = "dwarf-with-dsym";
				ENABLE_NS_ASSERTIONS = NO;
				ENABLE_STRICT_OBJC_MSGSEND = YES;
				GCC_C_LANGUAGE_STANDARD = gnu11;
				GCC_NO_COMMON_BLOCKS = YES;
				GCC_WARN_64_TO_32_BIT_CONVERSION = YES;
				GCC_WARN_ABOUT_RETURN_TYPE = YES_ERROR;
				GCC_WARN_UNDECLARED_SELECTOR = YES;
				GCC_WARN_UNINITIALIZED_AUTOS = YES_AGGRESSIVE;
				GCC_WARN_UNUSED_FUNCTION = YES;
				GCC_WARN_UNUSED_VARIABLE = YES;
				IPHONEOS_DEPLOYMENT_TARGET = 16.4;
				MTL_ENABLE_DEBUG_INFO = NO;
				MTL_FAST_MATH = YES;
				SDKROOT = iphoneos;
				SWIFT_COMPILATION_MODE = wholemodule;
				SWIFT_OPTIMIZATION_LEVEL = "-O";
				VALIDATE_PRODUCT = YES;
			};
			name = Release;
		};
		5A40E8292D4BEA7A0020E4D5 /* Debug */ = {
			isa = XCBuildConfiguration;
			buildSettings = {
				ASSETCATALOG_COMPILER_APPICON_NAME = AppIcon;
				ASSETCATALOG_COMPILER_GLOBAL_ACCENT_COLOR_NAME = AccentColor;
				CODE_SIGN_STYLE = Automatic;
				CURRENT_PROJECT_VERSION = 1;
				GENERATE_INFOPLIST_FILE = YES;
				INFOPLIST_FILE = Calculator/Info.plist;
				INFOPLIST_KEY_UIApplicationSupportsIndirectInputEvents = YES;
				INFOPLIST_KEY_UILaunchStoryboardName = LaunchScreen;
				INFOPLIST_KEY_UIMainStoryboardFile = Main;
				INFOPLIST_KEY_UISupportedInterfaceOrientations_iPad = "UIInterfaceOrientationPortrait UIInterfaceOrientationPortraitUpsideDown UIInterfaceOrientationLandscapeLeft UIInterfaceOrientationLandscapeRight";
				INFOPLIST_KEY_UISupportedInterfaceOrientations_iPhone = "UIInterfaceOrientationPortrait UIInterfaceOrientationLandscapeLeft UIInterfaceOrientationLandscapeRight";
				LD_RUNPATH_SEARCH_PATHS = (
					"$(inherited)",
					"@executable_path/Frameworks",
				);
				MARKETING_VERSION = 1.0;
				PRODUCT_BUNDLE_IDENTIFIER = edu.auburn.onlinecsse.Calculator;
				PRODUCT_NAME = "$(TARGET_NAME)";
				SWIFT_EMIT_LOC_STRINGS = YES;
				SWIFT_VERSION = 5.0;
				TARGETED_DEVICE_FAMILY = "1,2";
			};
			name = Debug;
		};
		5A40E82A2D4BEA7A0020E4D5 /* Release */ = {
			isa = XCBuildConfiguration;
			buildSettings = {
				ASSETCATALOG_COMPILER_APPICON_NAME = AppIcon;
				ASSETCATALOG_COMPILER_GLOBAL_ACCENT_COLOR_NAME = AccentColor;
				CODE_SIGN_STYLE = Automatic;
				CURRENT_PROJECT_VERSION = 1;
				GENERATE_INFOPLIST_FILE = YES;
				INFOPLIST_FILE = Calculator/Info.plist;
				INFOPLIST_KEY_UIApplicationSupportsIndirectInputEvents = YES;
				INFOPLIST_KEY_UILaunchStoryboardName = LaunchScreen;
				INFOPLIST_KEY_UIMainStoryboardFile = Main;
				INFOPLIST_KEY_UISupportedInterfaceOrientations_iPad = "UIInterfaceOrientationPortrait UIInterfaceOrientationPortraitUpsideDown UIInterfaceOrientationLandscapeLeft UIInterfaceOrientationLandscapeRight";
				INFOPLIST_KEY_UISupportedInterfaceOrientations_iPhone = "UIInterfaceOrientationPortrait UIInterfaceOrientationLandscapeLeft UIInterfaceOrientationLandscapeRight";
				LD_RUNPATH_SEARCH_PATHS = (
					"$(inherited)",
					"@executable_path/Frameworks",
				);
				MARKETING_VERSION = 1.0;
				PRODUCT_BUNDLE_IDENTIFIER = edu.auburn.onlinecsse.Calculator;
				PRODUCT_NAME = "$(TARGET_NAME)";
				SWIFT_EMIT_LOC_STRINGS = YES;
				SWIFT_VERSION = 5.0;
				TARGETED_DEVICE_FAMILY = "1,2";
			};
			name = Release;
		};
		5A40E82C2D4BEA7A0020E4D5 /* Debug */ = {
			isa = XCBuildConfiguration;
			buildSettings = {
				ALWAYS_EMBED_SWIFT_STANDARD_LIBRARIES = YES;
				BUNDLE_LOADER = "$(TEST_HOST)";
				CODE_SIGN_STYLE = Automatic;
				CURRENT_PROJECT_VERSION = 1;
				GENERATE_INFOPLIST_FILE = YES;
				IPHONEOS_DEPLOYMENT_TARGET = 16.4;
				MARKETING_VERSION = 1.0;
				PRODUCT_BUNDLE_IDENTIFIER = edu.auburn.onlinecsse.CalculatorTests;
				PRODUCT_NAME = "$(TARGET_NAME)";
				SWIFT_EMIT_LOC_STRINGS = NO;
				SWIFT_VERSION = 5.0;
				TARGETED_DEVICE_FAMILY = "1,2";
				TEST_HOST = "$(BUILT_PRODUCTS_DIR)/Calculator.app/$(BUNDLE_EXECUTABLE_FOLDER_PATH)/Calculator";
			};
			name = Debug;
		};
		5A40E82D2D4BEA7A0020E4D5 /* Release */ = {
			isa = XCBuildConfiguration;
			buildSettings = {
				ALWAYS_EMBED_SWIFT_STANDARD_LIBRARIES = YES;
				BUNDLE_LOADER = "$(TEST_HOST)";
				CODE_SIGN_STYLE = Automatic;
				CURRENT_PROJECT_VERSION = 1;
				GENERATE_INFOPLIST_FILE = YES;
				IPHONEOS_DEPLOYMENT_TARGET = 16.4;
				MARKETING_VERSION = 1.0;
				PRODUCT_BUNDLE_IDENTIFIER = edu.auburn.onlinecsse.CalculatorTests;
				PRODUCT_NAME = "$(TARGET_NAME)";
				SWIFT_EMIT_LOC_STRINGS = NO;
				SWIFT_VERSION = 5.0;
				TARGETED_DEVICE_FAMILY = "1,2";
				TEST_HOST = "$(BUILT_PRODUCTS_DIR)/Calculator.app/$(BUNDLE_EXECUTABLE_FOLDER_PATH)/Calculator";
			};
			name = Release;
		};
		5A40E82F2D4BEA7A0020E4D5 /* Debug */ = {
			isa = XCBuildConfiguration;
			buildSettings = {
				ALWAYS_EMBED_SWIFT_STANDARD_LIBRARIES = YES;
				CODE_SIGN_STYLE = Automatic;
				CURRENT_PROJECT_VERSION = 1;
				GENERATE_INFOPLIST_FILE = YES;
				MARKETING_VERSION = 1.0;
				PRODUCT_BUNDLE_IDENTIFIER = edu.auburn.onlinecsse.CalculatorUITests;
				PRODUCT_NAME = "$(TARGET_NAME)";
				SWIFT_EMIT_LOC_STRINGS = NO;
				SWIFT_VERSION = 5.0;
				TARGETED_DEVICE_FAMILY = "1,2";
				TEST_TARGET_NAME = Calculator;
			};
			name = Debug;
		};
		5A40E8302D4BEA7A0020E4D5 /* Release */ = {
			isa = XCBuildConfiguration;
			buildSettings = {
				ALWAYS_EMBED_SWIFT_STANDARD_LIBRARIES = YES;
				CODE_SIGN_STYLE = Automatic;
				CURRENT_PROJECT_VERSION = 1;
				GENERATE_INFOPLIST_FILE = YES;
				MARKETING_VERSION = 1.0;
				PRODUCT_BUNDLE_IDENTIFIER = edu.auburn.onlinecsse.CalculatorUITests;
				PRODUCT_NAME = "$(TARGET_NAME)";
				SWIFT_EMIT_LOC_STRINGS = NO;
				SWIFT_VERSION = 5.0;
				TARGETED_DEVICE_FAMILY = "1,2";
				TEST_TARGET_NAME = Calculator;
			};
			name = Release;
		};
/* End XCBuildConfiguration section */

/* Begin XCConfigurationList section */
		5A40E7F92D4BEA650020E4D5 /* Build configuration list for PBXProject "Calculator" */ = {
			isa = XCConfigurationList;
			buildConfigurations = (
				5A40E8262D4BEA7A0020E4D5 /* Debug */,
				5A40E8272D4BEA7A0020E4D5 /* Release */,
			);
			defaultConfigurationIsVisible = 0;
			defaultConfigurationName = Release;
		};
		5A40E8282D4BEA7A0020E4D5 /* Build configuration list for PBXNativeTarget "Calculator" */ = {
			isa = XCConfigurationList;
			buildConfigurations = (
				5A40E8292D4BEA7A0020E4D5 /* Debug */,
				5A40E82A2D4BEA7A0020E4D5 /* Release */,
			);
			defaultConfigurationIsVisible = 0;
			defaultConfigurationName = Release;
		};
		5A40E82B2D4BEA7A0020E4D5 /* Build configuration list for PBXNativeTarget "CalculatorTests" */ = {
			isa = XCConfigurationList;
			buildConfigurations = (
				5A40E82C2D4BEA7A0020E4D5 /* Debug */,
				5A40E82D2D4BEA7A0020E4D5 /* Release */,
			);
			defaultConfigurationIsVisible = 0;
			defaultConfigurationName = Release;
		};
		5A40E82E2D4BEA7A0020E4D5 /* Build configuration list for PBXNativeTarget "CalculatorUITests" */ = {
			isa = XCConfigurationList;
			buildConfigurations = (
				5A40E82F2D4BEA7A0020E4D5 /* Debug */,
				5A40E8302D4BEA7A0020E4D5 /* Release */,
			);
			defaultConfigurationIsVisible = 0;
			defaultConfigurationName = Release;
		};
/* End XCConfigurationList section */
	};
	rootObject = 5A40E7F62D4BEA650020E4D5 /* Project object */;
}
